
Microsoft Visual Studio Solution File, Format Version 12.00
# Visual Studio 15
VisualStudioVersion = 15.0.28307.168
MinimumVisualStudioVersion = 10.0.40219.1
Project("{FAE04EC0-301F-11D3-BF4B-00C04F79EFBC}") = "Training_App", "Training_App\Training_App.csproj", "{6FBB69E2-8178-412F-9202-A52ED316A77F}"
EndProject
Project("{FAE04EC0-301F-11D3-BF4B-00C04F79EFBC}") = "View_Models", "View_Models\View_Models.csproj", "{4282511F-4198-4DD6-8563-E73980E36765}"
EndProject
Project("{FAE04EC0-301F-11D3-BF4B-00C04F79EFBC}") = "MainInterfaces", "MainInterfaces\MainInterfaces.csproj", "{A49AC350-F422-416B-BEED-B644907116D8}"
EndProject
Project("{FAE04EC0-301F-11D3-BF4B-00C04F79EFBC}") = "Services", "Services\Services.csproj", "{6E3F0FA9-1194-4C59-AE89-635692FFD128}"
EndProject
Global
	GlobalSection(SolutionConfigurationPlatforms) = preSolution
		Debug|Any CPU = Debug|Any CPU
		Release|Any CPU = Release|Any CPU
	EndGlobalSection
	GlobalSection(ProjectConfigurationPlatforms) = postSolution
		{6FBB69E2-8178-412F-9202-A52ED316A77F}.Debug|Any CPU.ActiveCfg = Debug|Any CPU
		{6FBB69E2-8178-412F-9202-A52ED316A77F}.Debug|Any CPU.Build.0 = Debug|Any CPU
		{6FBB69E2-8178-412F-9202-A52ED316A77F}.Release|Any CPU.ActiveCfg = Release|Any CPU
		{6FBB69E2-8178-412F-9202-A52ED316A77F}.Release|Any CPU.Build.0 = Release|Any CPU
		{4282511F-4198-4DD6-8563-E73980E36765}.Debug|Any CPU.ActiveCfg = Debug|Any CPU
		{4282511F-4198-4DD6-8563-E73980E36765}.Debug|Any CPU.Build.0 = Debug|Any CPU
		{4282511F-4198-4DD6-8563-E73980E36765}.Release|Any CPU.ActiveCfg = Release|Any CPU
		{4282511F-4198-4DD6-8563-E73980E36765}.Release|Any CPU.Build.0 = Release|Any CPU
		{A49AC350-F422-416B-BEED-B644907116D8}.Debug|Any CPU.ActiveCfg = Debug|Any CPU
		{A49AC350-F422-416B-BEED-B644907116D8}.Debug|Any CPU.Build.0 = Debug|Any CPU
		{A49AC350-F422-416B-BEED-B644907116D8}.Release|Any CPU.ActiveCfg = Release|Any CPU
		{A49AC350-F422-416B-BEED-B644907116D8}.Release|Any CPU.Build.0 = Release|Any CPU
		{6E3F0FA9-1194-4C59-AE89-635692FFD128}.Debug|Any CPU.ActiveCfg = Debug|Any CPU
		{6E3F0FA9-1194-4C59-AE89-635692FFD128}.Debug|Any CPU.Build.0 = Debug|Any CPU
		{6E3F0FA9-1194-4C59-AE89-635692FFD128}.Release|Any CPU.ActiveCfg = Release|Any CPU
		{6E3F0FA9-1194-4C59-AE89-635692FFD128}.Release|Any CPU.Build.0 = Release|Any CPU
	EndGlobalSection
	GlobalSection(SolutionProperties) = preSolution
		HideSolutionNode = FALSE
	EndGlobalSection
	GlobalSection(ExtensibilityGlobals) = postSolution
		SolutionGuid = {37EF5B24-AB77-4CC0-A358-BC60354D0C5A}
	EndGlobalSection
EndGlobal
